// !$*UTF8*$!
{
	archiveVersion = 1;
	classes = {
	};
	objectVersion = 55;
	objects = {

/* Begin PBXBuildFile section */
		7D1D95EB295744D400F7D6D0 /* EditTableViewCell.swift in Sources */ = {isa = PBXBuildFile; fileRef = 7D1D95EA295744D400F7D6D0 /* EditTableViewCell.swift */; };
		7D833D6F297AF61F00254C02 /* CustomTextFieldForPickerView.swift in Sources */ = {isa = PBXBuildFile; fileRef = 7D833D6E297AF61E00254C02 /* CustomTextFieldForPickerView.swift */; };
		7D8E9E75297CE4810078FE8D /* ViewCcontrollerExtension.swift in Sources */ = {isa = PBXBuildFile; fileRef = 7D8E9E74297CE4810078FE8D /* ViewCcontrollerExtension.swift */; };
		7DA3D66A2923E97000589459 /* MainTableViewCell.swift in Sources */ = {isa = PBXBuildFile; fileRef = 7DA3D6692923E97000589459 /* MainTableViewCell.swift */; };
		7DAFF9FB2955E74F00581705 /* EditPresenter.swift in Sources */ = {isa = PBXBuildFile; fileRef = 7DAFF9FA2955E74F00581705 /* EditPresenter.swift */; };
		7DAFF9FD2955E75D00581705 /* EditViewController.swift in Sources */ = {isa = PBXBuildFile; fileRef = 7DAFF9FC2955E75D00581705 /* EditViewController.swift */; };
		7DB8ECDE2954BCA100EEB673 /* ModuleBuilder.swift in Sources */ = {isa = PBXBuildFile; fileRef = 7DB8ECDD2954BCA100EEB673 /* ModuleBuilder.swift */; };
		7DB8ECE02954E6B100EEB673 /* Main.storyboard in Resources */ = {isa = PBXBuildFile; fileRef = 7DB8ECDF2954E6B100EEB673 /* Main.storyboard */; };
		7DB8ECE22954F56800EEB673 /* DataService.swift in Sources */ = {isa = PBXBuildFile; fileRef = 7DB8ECE12954F56800EEB673 /* DataService.swift */; };
		7DF3BE9529227F3C00D19178 /* AppDelegate.swift in Sources */ = {isa = PBXBuildFile; fileRef = 7DF3BE9429227F3C00D19178 /* AppDelegate.swift */; };
		7DF3BE9729227F3C00D19178 /* SceneDelegate.swift in Sources */ = {isa = PBXBuildFile; fileRef = 7DF3BE9629227F3C00D19178 /* SceneDelegate.swift */; };
		7DF3BE9929227F3C00D19178 /* MainViewController.swift in Sources */ = {isa = PBXBuildFile; fileRef = 7DF3BE9829227F3C00D19178 /* MainViewController.swift */; };
		7DF3BE9E29227F3D00D19178 /* Assets.xcassets in Resources */ = {isa = PBXBuildFile; fileRef = 7DF3BE9D29227F3D00D19178 /* Assets.xcassets */; };
		7DF3BEA129227F3D00D19178 /* LaunchScreen.storyboard in Resources */ = {isa = PBXBuildFile; fileRef = 7DF3BE9F29227F3D00D19178 /* LaunchScreen.storyboard */; };
		7DF3BEA929227F7B00D19178 /* .gitignore in Resources */ = {isa = PBXBuildFile; fileRef = 7DF3BEA829227F7B00D19178 /* .gitignore */; };
		7DF3BEB02922B21100D19178 /* MainPresenter.swift in Sources */ = {isa = PBXBuildFile; fileRef = 7DF3BEAF2922B21100D19178 /* MainPresenter.swift */; };
		7DF3BEB22922B26000D19178 /* Profile.swift in Sources */ = {isa = PBXBuildFile; fileRef = 7DF3BEB12922B26000D19178 /* Profile.swift */; };
/* End PBXBuildFile section */

/* Begin PBXFileReference section */
		7D1D95EA295744D400F7D6D0 /* EditTableViewCell.swift */ = {isa = PBXFileReference; lastKnownFileType = sourcecode.swift; path = EditTableViewCell.swift; sourceTree = "<group>"; };
		7D833D6E297AF61E00254C02 /* CustomTextFieldForPickerView.swift */ = {isa = PBXFileReference; lastKnownFileType = sourcecode.swift; path = CustomTextFieldForPickerView.swift; sourceTree = "<group>"; };
		7D8E9E74297CE4810078FE8D /* ViewCcontrollerExtension.swift */ = {isa = PBXFileReference; lastKnownFileType = sourcecode.swift; path = ViewCcontrollerExtension.swift; sourceTree = "<group>"; };
		7DA3D6692923E97000589459 /* MainTableViewCell.swift */ = {isa = PBXFileReference; lastKnownFileType = sourcecode.swift; path = MainTableViewCell.swift; sourceTree = "<group>"; };
		7DAFF9FA2955E74F00581705 /* EditPresenter.swift */ = {isa = PBXFileReference; lastKnownFileType = sourcecode.swift; path = EditPresenter.swift; sourceTree = "<group>"; };
		7DAFF9FC2955E75D00581705 /* EditViewController.swift */ = {isa = PBXFileReference; lastKnownFileType = sourcecode.swift; path = EditViewController.swift; sourceTree = "<group>"; };
		7DB8ECDD2954BCA100EEB673 /* ModuleBuilder.swift */ = {isa = PBXFileReference; lastKnownFileType = sourcecode.swift; path = ModuleBuilder.swift; sourceTree = "<group>"; };
		7DB8ECDF2954E6B100EEB673 /* Main.storyboard */ = {isa = PBXFileReference; fileEncoding = 4; lastKnownFileType = file.storyboard; path = Main.storyboard; sourceTree = "<group>"; };
		7DB8ECE12954F56800EEB673 /* DataService.swift */ = {isa = PBXFileReference; lastKnownFileType = sourcecode.swift; path = DataService.swift; sourceTree = "<group>"; };
		7DF3BE9129227F3C00D19178 /* TestTaskOne.app */ = {isa = PBXFileReference; explicitFileType = wrapper.application; includeInIndex = 0; path = TestTaskOne.app; sourceTree = BUILT_PRODUCTS_DIR; };
		7DF3BE9429227F3C00D19178 /* AppDelegate.swift */ = {isa = PBXFileReference; lastKnownFileType = sourcecode.swift; path = AppDelegate.swift; sourceTree = "<group>"; };
		7DF3BE9629227F3C00D19178 /* SceneDelegate.swift */ = {isa = PBXFileReference; lastKnownFileType = sourcecode.swift; path = SceneDelegate.swift; sourceTree = "<group>"; };
		7DF3BE9829227F3C00D19178 /* MainViewController.swift */ = {isa = PBXFileReference; lastKnownFileType = sourcecode.swift; path = MainViewController.swift; sourceTree = "<group>"; };
		7DF3BE9D29227F3D00D19178 /* Assets.xcassets */ = {isa = PBXFileReference; lastKnownFileType = folder.assetcatalog; path = Assets.xcassets; sourceTree = "<group>"; };
		7DF3BEA029227F3D00D19178 /* Base */ = {isa = PBXFileReference; lastKnownFileType = file.storyboard; name = Base; path = Base.lproj/LaunchScreen.storyboard; sourceTree = "<group>"; };
		7DF3BEA229227F3D00D19178 /* Info.plist */ = {isa = PBXFileReference; lastKnownFileType = text.plist.xml; path = Info.plist; sourceTree = "<group>"; };
		7DF3BEA829227F7B00D19178 /* .gitignore */ = {isa = PBXFileReference; lastKnownFileType = text; path = .gitignore; sourceTree = "<group>"; };
		7DF3BEAF2922B21100D19178 /* MainPresenter.swift */ = {isa = PBXFileReference; lastKnownFileType = sourcecode.swift; path = MainPresenter.swift; sourceTree = "<group>"; };
		7DF3BEB12922B26000D19178 /* Profile.swift */ = {isa = PBXFileReference; lastKnownFileType = sourcecode.swift; path = Profile.swift; sourceTree = "<group>"; };
/* End PBXFileReference section */

/* Begin PBXFrameworksBuildPhase section */
		7DF3BE8E29227F3C00D19178 /* Frameworks */ = {
			isa = PBXFrameworksBuildPhase;
			buildActionMask = 2147483647;
			files = (
			);
			runOnlyForDeploymentPostprocessing = 0;
		};
/* End PBXFrameworksBuildPhase section */

/* Begin PBXGroup section */
		7D1D95E9295744B300F7D6D0 /* Cell */ = {
			isa = PBXGroup;
			children = (
				7D1D95EA295744D400F7D6D0 /* EditTableViewCell.swift */,
			);
			path = Cell;
			sourceTree = "<group>";
		};
		7D8E9E72297CE31E0078FE8D /* Services */ = {
			isa = PBXGroup;
			children = (
				7DB8ECE12954F56800EEB673 /* DataService.swift */,
			);
			path = Services;
			sourceTree = "<group>";
		};
		7D8E9E73297CE42F0078FE8D /* Extensions */ = {
			isa = PBXGroup;
			children = (
				7D8E9E74297CE4810078FE8D /* ViewCcontrollerExtension.swift */,
			);
			path = Extensions;
			sourceTree = "<group>";
		};
		7DA3D6682923E95400589459 /* Cell */ = {
			isa = PBXGroup;
			children = (
				7DA3D6692923E97000589459 /* MainTableViewCell.swift */,
			);
			path = Cell;
			sourceTree = "<group>";
		};
		7DAFF9F72955DFB500581705 /* EditModule */ = {
			isa = PBXGroup;
			children = (
				7DAFF9F92955DFE000581705 /* Presenter */,
				7DAFF9F82955DFDD00581705 /* View */,
			);
			path = EditModule;
			sourceTree = "<group>";
		};
		7DAFF9F82955DFDD00581705 /* View */ = {
			isa = PBXGroup;
			children = (
				7D833D6E297AF61E00254C02 /* CustomTextFieldForPickerView.swift */,
				7D1D95E9295744B300F7D6D0 /* Cell */,
				7DAFF9FC2955E75D00581705 /* EditViewController.swift */,
			);
			path = View;
			sourceTree = "<group>";
		};
		7DAFF9F92955DFE000581705 /* Presenter */ = {
			isa = PBXGroup;
			children = (
				7DAFF9FA2955E74F00581705 /* EditPresenter.swift */,
			);
			path = Presenter;
			sourceTree = "<group>";
		};
		7DB8ECDC2954BC4000EEB673 /* MainModule */ = {
			isa = PBXGroup;
			children = (
				7DF3BEAC2922B16700D19178 /* Presenter */,
				7DF3BEAE2922B17A00D19178 /* View */,
			);
			path = MainModule;
			sourceTree = "<group>";
		};
		7DF3BE8829227F3C00D19178 = {
			isa = PBXGroup;
			children = (
				7DF3BEA829227F7B00D19178 /* .gitignore */,
				7DF3BE9329227F3C00D19178 /* TestTaskOne */,
				7DF3BE9229227F3C00D19178 /* Products */,
			);
			sourceTree = "<group>";
		};
		7DF3BE9229227F3C00D19178 /* Products */ = {
			isa = PBXGroup;
			children = (
				7DF3BE9129227F3C00D19178 /* TestTaskOne.app */,
			);
			name = Products;
			sourceTree = "<group>";
		};
		7DF3BE9329227F3C00D19178 /* TestTaskOne */ = {
			isa = PBXGroup;
			children = (
				7DAFF9F72955DFB500581705 /* EditModule */,
				7DB8ECDC2954BC4000EEB673 /* MainModule */,
				7DF3BEAD2922B17000D19178 /* Model */,
				7D8E9E72297CE31E0078FE8D /* Services */,
				7D8E9E73297CE42F0078FE8D /* Extensions */,
				7DB8ECDD2954BCA100EEB673 /* ModuleBuilder.swift */,
				7DF3BE9429227F3C00D19178 /* AppDelegate.swift */,
				7DF3BE9629227F3C00D19178 /* SceneDelegate.swift */,
				7DF3BE9D29227F3D00D19178 /* Assets.xcassets */,
				7DB8ECDF2954E6B100EEB673 /* Main.storyboard */,
				7DF3BE9F29227F3D00D19178 /* LaunchScreen.storyboard */,
				7DF3BEA229227F3D00D19178 /* Info.plist */,
			);
			path = TestTaskOne;
			sourceTree = "<group>";
		};
		7DF3BEAC2922B16700D19178 /* Presenter */ = {
			isa = PBXGroup;
			children = (
				7DF3BEAF2922B21100D19178 /* MainPresenter.swift */,
			);
			path = Presenter;
			sourceTree = "<group>";
		};
		7DF3BEAD2922B17000D19178 /* Model */ = {
			isa = PBXGroup;
			children = (
				7DF3BEB12922B26000D19178 /* Profile.swift */,
			);
			path = Model;
			sourceTree = "<group>";
		};
		7DF3BEAE2922B17A00D19178 /* View */ = {
			isa = PBXGroup;
			children = (
				7DA3D6682923E95400589459 /* Cell */,
				7DF3BE9829227F3C00D19178 /* MainViewController.swift */,
			);
			path = View;
			sourceTree = "<group>";
		};
/* End PBXGroup section */

/* Begin PBXNativeTarget section */
		7DF3BE9029227F3C00D19178 /* TestTaskOne */ = {
			isa = PBXNativeTarget;
			buildConfigurationList = 7DF3BEA529227F3D00D19178 /* Build configuration list for PBXNativeTarget "TestTaskOne" */;
			buildPhases = (
				7DF3BE8D29227F3C00D19178 /* Sources */,
				7DF3BE8E29227F3C00D19178 /* Frameworks */,
				7DF3BE8F29227F3C00D19178 /* Resources */,
			);
			buildRules = (
			);
			dependencies = (
			);
			name = TestTaskOne;
			productName = TestTaskOne;
			productReference = 7DF3BE9129227F3C00D19178 /* TestTaskOne.app */;
			productType = "com.apple.product-type.application";
		};
/* End PBXNativeTarget section */

/* Begin PBXProject section */
		7DF3BE8929227F3C00D19178 /* Project object */ = {
			isa = PBXProject;
			attributes = {
				BuildIndependentTargetsInParallel = 1;
				LastSwiftUpdateCheck = 1330;
				LastUpgradeCheck = 1330;
				TargetAttributes = {
					7DF3BE9029227F3C00D19178 = {
						CreatedOnToolsVersion = 13.3;
					};
				};
			};
			buildConfigurationList = 7DF3BE8C29227F3C00D19178 /* Build configuration list for PBXProject "TestTaskOne" */;
			compatibilityVersion = "Xcode 13.0";
			developmentRegion = en;
			hasScannedForEncodings = 0;
			knownRegions = (
				en,
				Base,
			);
			mainGroup = 7DF3BE8829227F3C00D19178;
			productRefGroup = 7DF3BE9229227F3C00D19178 /* Products */;
			projectDirPath = "";
			projectRoot = "";
			targets = (
				7DF3BE9029227F3C00D19178 /* TestTaskOne */,
			);
		};
/* End PBXProject section */

/* Begin PBXResourcesBuildPhase section */
		7DF3BE8F29227F3C00D19178 /* Resources */ = {
			isa = PBXResourcesBuildPhase;
			buildActionMask = 2147483647;
			files = (
				7DF3BEA929227F7B00D19178 /* .gitignore in Resources */,
				7DF3BEA129227F3D00D19178 /* LaunchScreen.storyboard in Resources */,
				7DF3BE9E29227F3D00D19178 /* Assets.xcassets in Resources */,
				7DB8ECE02954E6B100EEB673 /* Main.storyboard in Resources */,
			);
			runOnlyForDeploymentPostprocessing = 0;
		};
/* End PBXResourcesBuildPhase section */

/* Begin PBXSourcesBuildPhase section */
		7DF3BE8D29227F3C00D19178 /* Sources */ = {
			isa = PBXSourcesBuildPhase;
			buildActionMask = 2147483647;
			files = (
				7DF3BE9929227F3C00D19178 /* MainViewController.swift in Sources */,
				7D833D6F297AF61F00254C02 /* CustomTextFieldForPickerView.swift in Sources */,
				7DF3BEB22922B26000D19178 /* Profile.swift in Sources */,
				7DAFF9FB2955E74F00581705 /* EditPresenter.swift in Sources */,
				7D8E9E75297CE4810078FE8D /* ViewCcontrollerExtension.swift in Sources */,
				7DF3BE9529227F3C00D19178 /* AppDelegate.swift in Sources */,
				7DF3BEB02922B21100D19178 /* MainPresenter.swift in Sources */,
				7DB8ECDE2954BCA100EEB673 /* ModuleBuilder.swift in Sources */,
				7DAFF9FD2955E75D00581705 /* EditViewController.swift in Sources */,
				7DF3BE9729227F3C00D19178 /* SceneDelegate.swift in Sources */,
				7DA3D66A2923E97000589459 /* MainTableViewCell.swift in Sources */,
				7D1D95EB295744D400F7D6D0 /* EditTableViewCell.swift in Sources */,
				7DB8ECE22954F56800EEB673 /* DataService.swift in Sources */,
			);
			runOnlyForDeploymentPostprocessing = 0;
		};
/* End PBXSourcesBuildPhase section */

/* Begin PBXVariantGroup section */
		7DF3BE9F29227F3D00D19178 /* LaunchScreen.storyboard */ = {
			isa = PBXVariantGroup;
			children = (
				7DF3BEA029227F3D00D19178 /* Base */,
			);
			name = LaunchScreen.storyboard;
			sourceTree = "<group>";
		};
/* End PBXVariantGroup section */

/* Begin XCBuildConfiguration section */
		7DF3BEA329227F3D00D19178 /* Debug */ = {
			isa = XCBuildConfiguration;
			buildSettings = {
				ALWAYS_SEARCH_USER_PATHS = NO;
				CLANG_ANALYZER_NONNULL = YES;
				CLANG_ANALYZER_NUMBER_OBJECT_CONVERSION = YES_AGGRESSIVE;
				CLANG_CXX_LANGUAGE_STANDARD = "gnu++17";
				CLANG_ENABLE_MODULES = YES;
				CLANG_ENABLE_OBJC_ARC = YES;
				CLANG_ENABLE_OBJC_WEAK = YES;
				CLANG_WARN_BLOCK_CAPTURE_AUTORELEASING = YES;
				CLANG_WARN_BOOL_CONVERSION = YES;
				CLANG_WARN_COMMA = YES;
				CLANG_WARN_CONSTANT_CONVERSION = YES;
				CLANG_WARN_DEPRECATED_OBJC_IMPLEMENTATIONS = YES;
				CLANG_WARN_DIRECT_OBJC_ISA_USAGE = YES_ERROR;
				CLANG_WARN_DOCUMENTATION_COMMENTS = YES;
				CLANG_WARN_EMPTY_BODY = YES;
				CLANG_WARN_ENUM_CONVERSION = YES;
				CLANG_WARN_INFINITE_RECURSION = YES;
				CLANG_WARN_INT_CONVERSION = YES;
				CLANG_WARN_NON_LITERAL_NULL_CONVERSION = YES;
				CLANG_WARN_OBJC_IMPLICIT_RETAIN_SELF = YES;
				CLANG_WARN_OBJC_LITERAL_CONVERSION = YES;
				CLANG_WARN_OBJC_ROOT_CLASS = YES_ERROR;
				CLANG_WARN_QUOTED_INCLUDE_IN_FRAMEWORK_HEADER = YES;
				CLANG_WARN_RANGE_LOOP_ANALYSIS = YES;
				CLANG_WARN_STRICT_PROTOTYPES = YES;
				CLANG_WARN_SUSPICIOUS_MOVE = YES;
				CLANG_WARN_UNGUARDED_AVAILABILITY = YES_AGGRESSIVE;
				CLANG_WARN_UNREACHABLE_CODE = YES;
				CLANG_WARN__DUPLICATE_METHOD_MATCH = YES;
				COPY_PHASE_STRIP = NO;
				DEBUG_INFORMATION_FORMAT = dwarf;
				ENABLE_STRICT_OBJC_MSGSEND = YES;
				ENABLE_TESTABILITY = YES;
				GCC_C_LANGUAGE_STANDARD = gnu11;
				GCC_DYNAMIC_NO_PIC = NO;
				GCC_NO_COMMON_BLOCKS = YES;
				GCC_OPTIMIZATION_LEVEL = 0;
				GCC_PREPROCESSOR_DEFINITIONS = (
					"DEBUG=1",
					"$(inherited)",
				);
				GCC_WARN_64_TO_32_BIT_CONVERSION = YES;
				GCC_WARN_ABOUT_RETURN_TYPE = YES_ERROR;
				GCC_WARN_UNDECLARED_SELECTOR = YES;
				GCC_WARN_UNINITIALIZED_AUTOS = YES_AGGRESSIVE;
				GCC_WARN_UNUSED_FUNCTION = YES;
				GCC_WARN_UNUSED_VARIABLE = YES;
				IPHONEOS_DEPLOYMENT_TARGET = 15.4;
				MTL_ENABLE_DEBUG_INFO = INCLUDE_SOURCE;
				MTL_FAST_MATH = YES;
				ONLY_ACTIVE_ARCH = YES;
				SDKROOT = iphoneos;
				SWIFT_ACTIVE_COMPILATION_CONDITIONS = DEBUG;
				SWIFT_OPTIMIZATION_LEVEL = "-Onone";
			};
			name = Debug;
		};
		7DF3BEA429227F3D00D19178 /* Release */ = {
			isa = XCBuildConfiguration;
			buildSettings = {
				ALWAYS_SEARCH_USER_PATHS = NO;
				CLANG_ANALYZER_NONNULL = YES;
				CLANG_ANALYZER_NUMBER_OBJECT_CONVERSION = YES_AGGRESSIVE;
				CLANG_CXX_LANGUAGE_STANDARD = "gnu++17";
				CLANG_ENABLE_MODULES = YES;
				CLANG_ENABLE_OBJC_ARC = YES;
				CLANG_ENABLE_OBJC_WEAK = YES;
				CLANG_WARN_BLOCK_CAPTURE_AUTORELEASING = YES;
				CLANG_WARN_BOOL_CONVERSION = YES;
				CLANG_WARN_COMMA = YES;
				CLANG_WARN_CONSTANT_CONVERSION = YES;
				CLANG_WARN_DEPRECATED_OBJC_IMPLEMENTATIONS = YES;
				CLANG_WARN_DIRECT_OBJC_ISA_USAGE = YES_ERROR;
				CLANG_WARN_DOCUMENTATION_COMMENTS = YES;
				CLANG_WARN_EMPTY_BODY = YES;
				CLANG_WARN_ENUM_CONVERSION = YES;
				CLANG_WARN_INFINITE_RECURSION = YES;
				CLANG_WARN_INT_CONVERSION = YES;
				CLANG_WARN_NON_LITERAL_NULL_CONVERSION = YES;
				CLANG_WARN_OBJC_IMPLICIT_RETAIN_SELF = YES;
				CLANG_WARN_OBJC_LITERAL_CONVERSION = YES;
				CLANG_WARN_OBJC_ROOT_CLASS = YES_ERROR;
				CLANG_WARN_QUOTED_INCLUDE_IN_FRAMEWORK_HEADER = YES;
				CLANG_WARN_RANGE_LOOP_ANALYSIS = YES;
				CLANG_WARN_STRICT_PROTOTYPES = YES;
				CLANG_WARN_SUSPICIOUS_MOVE = YES;
				CLANG_WARN_UNGUARDED_AVAILABILITY = YES_AGGRESSIVE;
				CLANG_WARN_UNREACHABLE_CODE = YES;
				CLANG_WARN__DUPLICATE_METHOD_MATCH = YES;
				COPY_PHASE_STRIP = NO;
				DEBUG_INFORMATION_FORMAT = "dwarf-with-dsym";
				ENABLE_NS_ASSERTIONS = NO;
				ENABLE_STRICT_OBJC_MSGSEND = YES;
				GCC_C_LANGUAGE_STANDARD = gnu11;
				GCC_NO_COMMON_BLOCKS = YES;
				GCC_WARN_64_TO_32_BIT_CONVERSION = YES;
				GCC_WARN_ABOUT_RETURN_TYPE = YES_ERROR;
				GCC_WARN_UNDECLARED_SELECTOR = YES;
				GCC_WARN_UNINITIALIZED_AUTOS = YES_AGGRESSIVE;
				GCC_WARN_UNUSED_FUNCTION = YES;
				GCC_WARN_UNUSED_VARIABLE = YES;
				IPHONEOS_DEPLOYMENT_TARGET = 15.4;
				MTL_ENABLE_DEBUG_INFO = NO;
				MTL_FAST_MATH = YES;
				SDKROOT = iphoneos;
				SWIFT_COMPILATION_MODE = wholemodule;
				SWIFT_OPTIMIZATION_LEVEL = "-O";
				VALIDATE_PRODUCT = YES;
			};
			name = Release;
		};
		7DF3BEA629227F3D00D19178 /* Debug */ = {
			isa = XCBuildConfiguration;
			buildSettings = {
				ASSETCATALOG_COMPILER_APPICON_NAME = AppIcon;
				ASSETCATALOG_COMPILER_GLOBAL_ACCENT_COLOR_NAME = AccentColor;
				CODE_SIGN_STYLE = Automatic;
				CURRENT_PROJECT_VERSION = 1;
				DEVELOPMENT_TEAM = 584N274E7C;
				GENERATE_INFOPLIST_FILE = YES;
				INFOPLIST_FILE = TestTaskOne/Info.plist;
				INFOPLIST_KEY_UIApplicationSupportsIndirectInputEvents = YES;
				INFOPLIST_KEY_UILaunchStoryboardName = LaunchScreen;
				INFOPLIST_KEY_UIMainStoryboardFile = Main;
				INFOPLIST_KEY_UISupportedInterfaceOrientations_iPad = "UIInterfaceOrientationPortrait UIInterfaceOrientationPortraitUpsideDown UIInterfaceOrientationLandscapeLeft UIInterfaceOrientationLandscapeRight";
				INFOPLIST_KEY_UISupportedInterfaceOrientations_iPhone = "UIInterfaceOrientationPortrait UIInterfaceOrientationLandscapeLeft UIInterfaceOrientationLandscapeRight";
				LD_RUNPATH_SEARCH_PATHS = (
					"$(inherited)",
					"@executable_path/Frameworks",
				);
				MARKETING_VERSION = 1.0;
				PRODUCT_BUNDLE_IDENTIFIER = Ivan.TestTaskOne;
				PRODUCT_NAME = "$(TARGET_NAME)";
				SWIFT_EMIT_LOC_STRINGS = YES;
				SWIFT_VERSION = 5.0;
				TARGETED_DEVICE_FAMILY = "1,2";
			};
			name = Debug;
		};
		7DF3BEA729227F3D00D19178 /* Release */ = {
			isa = XCBuildConfiguration;
			buildSettings = {
				ASSETCATALOG_COMPILER_APPICON_NAME = AppIcon;
				ASSETCATALOG_COMPILER_GLOBAL_ACCENT_COLOR_NAME = AccentColor;
				CODE_SIGN_STYLE = Automatic;
				CURRENT_PROJECT_VERSION = 1;
				DEVELOPMENT_TEAM = 584N274E7C;
				GENERATE_INFOPLIST_FILE = YES;
				INFOPLIST_FILE = TestTaskOne/Info.plist;
				INFOPLIST_KEY_UIApplicationSupportsIndirectInputEvents = YES;
				INFOPLIST_KEY_UILaunchStoryboardName = LaunchScreen;
				INFOPLIST_KEY_UIMainStoryboardFile = Main;
				INFOPLIST_KEY_UISupportedInterfaceOrientations_iPad = "UIInterfaceOrientationPortrait UIInterfaceOrientationPortraitUpsideDown UIInterfaceOrientationLandscapeLeft UIInterfaceOrientationLandscapeRight";
				INFOPLIST_KEY_UISupportedInterfaceOrientations_iPhone = "UIInterfaceOrientationPortrait UIInterfaceOrientationLandscapeLeft UIInterfaceOrientationLandscapeRight";
				LD_RUNPATH_SEARCH_PATHS = (
					"$(inherited)",
					"@executable_path/Frameworks",
				);
				MARKETING_VERSION = 1.0;
				PRODUCT_BUNDLE_IDENTIFIER = Ivan.TestTaskOne;
				PRODUCT_NAME = "$(TARGET_NAME)";
				SWIFT_EMIT_LOC_STRINGS = YES;
				SWIFT_VERSION = 5.0;
				TARGETED_DEVICE_FAMILY = "1,2";
			};
			name = Release;
		};
/* End XCBuildConfiguration section */

/* Begin XCConfigurationList section */
		7DF3BE8C29227F3C00D19178 /* Build configuration list for PBXProject "TestTaskOne" */ = {
			isa = XCConfigurationList;
			buildConfigurations = (
				7DF3BEA329227F3D00D19178 /* Debug */,
				7DF3BEA429227F3D00D19178 /* Release */,
			);
			defaultConfigurationIsVisible = 0;
			defaultConfigurationName = Release;
		};
		7DF3BEA529227F3D00D19178 /* Build configuration list for PBXNativeTarget "TestTaskOne" */ = {
			isa = XCConfigurationList;
			buildConfigurations = (
				7DF3BEA629227F3D00D19178 /* Debug */,
				7DF3BEA729227F3D00D19178 /* Release */,
			);
			defaultConfigurationIsVisible = 0;
			defaultConfigurationName = Release;
		};
/* End XCConfigurationList section */
	};
	rootObject = 7DF3BE8929227F3C00D19178 /* Project object */;
}
